Microsoft Visual Studio Solution File, Format Version 11.00
# Visual Studio 2010
Project("{FAE04EC0-301F-11D3-BF4B-00C04F79EFBC}") = "BestHTTP", "BestHTTP.csproj", "{df666fd1-303e-bda7-9638-f913ce7db74a}"
EndProject
Project("{FAE04EC0-301F-11D3-BF4B-00C04F79EFBC}") = "Assembly-CSharp", "Assembly-CSharp.csproj", "{37030ccf-5183-0689-7350-e465f26c3127}"
EndProject
Global
	GlobalSection(SolutionConfigurationPlatforms) = preSolution
		Debug|Any CPU = Debug|Any CPU
		Release|Any CPU = Release|Any CPU
	EndGlobalSection
	GlobalSection(ProjectConfigurationPlatforms) = postSolution
		{df666fd1-303e-bda7-9638-f913ce7db74a}.Debug|Any CPU.ActiveCfg = Debug|Any CPU
		{df666fd1-303e-bda7-9638-f913ce7db74a}.Debug|Any CPU.Build.0 = Debug|Any CPU
		{df666fd1-303e-bda7-9638-f913ce7db74a}.Release|Any CPU.ActiveCfg = Release|Any CPU
		{df666fd1-303e-bda7-9638-f913ce7db74a}.Release|Any CPU.Build.0 = Release|Any CPU
		{37030ccf-5183-0689-7350-e465f26c3127}.Debug|Any CPU.ActiveCfg = Debug|Any CPU
		{37030ccf-5183-0689-7350-e465f26c3127}.Debug|Any CPU.Build.0 = Debug|Any CPU
		{37030ccf-5183-0689-7350-e465f26c3127}.Release|Any CPU.ActiveCfg = Release|Any CPU
		{37030ccf-5183-0689-7350-e465f26c3127}.Release|Any CPU.Build.0 = Release|Any CPU
	EndGlobalSection
	GlobalSection(SolutionProperties) = preSolution
		HideSolutionNode = FALSE
	EndGlobalSection
EndGlobal
